
Microsoft Visual Studio Solution File, Format Version 12.00
# Visual Studio 2015
Project("{FAE04EC0-301F-11D3-BF4B-00C04F79EFBC}") = "Pause.CSharp.Plugins", "Pause.CSharp.Plugins.csproj", "{222616A5-2F6F-68D7-69ED-65821206DE07}"
EndProject
Project("{FAE04EC0-301F-11D3-BF4B-00C04F79EFBC}") = "Pause.CSharp", "Pause.CSharp.csproj", "{9B49FF8E-9035-E0C4-E372-2654535FB49A}"
EndProject
Project("{FAE04EC0-301F-11D3-BF4B-00C04F79EFBC}") = "Pause.CSharp.Editor", "Pause.CSharp.Editor.csproj", "{39F42A78-1F84-FE36-6ED9-F8C47F9A2E7B}"
EndProject
Global
	GlobalSection(SolutionConfigurationPlatforms) = preSolution
		Debug|Any CPU = Debug|Any CPU
		Release|Any CPU = Release|Any CPU
	EndGlobalSection
	GlobalSection(ProjectConfigurationPlatforms) = postSolution
		{222616A5-2F6F-68D7-69ED-65821206DE07}.Debug|Any CPU.ActiveCfg = Debug|Any CPU
		{222616A5-2F6F-68D7-69ED-65821206DE07}.Debug|Any CPU.Build.0 = Debug|Any CPU
		{222616A5-2F6F-68D7-69ED-65821206DE07}.Release|Any CPU.ActiveCfg = Release|Any CPU
		{222616A5-2F6F-68D7-69ED-65821206DE07}.Release|Any CPU.Build.0 = Release|Any CPU
		{9B49FF8E-9035-E0C4-E372-2654535FB49A}.Debug|Any CPU.ActiveCfg = Debug|Any CPU
		{9B49FF8E-9035-E0C4-E372-2654535FB49A}.Debug|Any CPU.Build.0 = Debug|Any CPU
		{9B49FF8E-9035-E0C4-E372-2654535FB49A}.Release|Any CPU.ActiveCfg = Release|Any CPU
		{9B49FF8E-9035-E0C4-E372-2654535FB49A}.Release|Any CPU.Build.0 = Release|Any CPU
		{39F42A78-1F84-FE36-6ED9-F8C47F9A2E7B}.Debug|Any CPU.ActiveCfg = Debug|Any CPU
		{39F42A78-1F84-FE36-6ED9-F8C47F9A2E7B}.Debug|Any CPU.Build.0 = Debug|Any CPU
		{39F42A78-1F84-FE36-6ED9-F8C47F9A2E7B}.Release|Any CPU.ActiveCfg = Release|Any CPU
		{39F42A78-1F84-FE36-6ED9-F8C47F9A2E7B}.Release|Any CPU.Build.0 = Release|Any CPU
	EndGlobalSection
	GlobalSection(SolutionProperties) = preSolution
		HideSolutionNode = FALSE
	EndGlobalSection
EndGlobal
